
Microsoft Visual Studio Solution File, Format Version 12.00
# Visual Studio Version 17
VisualStudioVersion = 17.11.35219.272
MinimumVisualStudioVersion = 10.0.40219.1
Project("{FAE04EC0-301F-11D3-BF4B-00C04F79EFBC}") = "ConsoleApp6", "ConsoleApp6\ConsoleApp6.csproj", "{F42731D5-7451-4934-9735-F7C1AA2DF732}"
EndProject
Global
	GlobalSection(SolutionConfigurationPlatforms) = preSolution
		Debug|Any CPU = Debug|Any CPU
		Release|Any CPU = Release|Any CPU
	EndGlobalSection
	GlobalSection(ProjectConfigurationPlatforms) = postSolution
		{F42731D5-7451-4934-9735-F7C1AA2DF732}.Debug|Any CPU.ActiveCfg = Debug|Any CPU
		{F42731D5-7451-4934-9735-F7C1AA2DF732}.Debug|Any CPU.Build.0 = Debug|Any CPU
		{F42731D5-7451-4934-9735-F7C1AA2DF732}.Release|Any CPU.ActiveCfg = Release|Any CPU
		{F42731D5-7451-4934-9735-F7C1AA2DF732}.Release|Any CPU.Build.0 = Release|Any CPU
	EndGlobalSection
	GlobalSection(SolutionProperties) = preSolution
		HideSolutionNode = FALSE
	EndGlobalSection
	GlobalSection(ExtensibilityGlobals) = postSolution
		SolutionGuid = {B22592AE-E349-4D2C-99C4-3AA38C3D20FA}
	EndGlobalSection
EndGlobal
